<?xml version="1.0" encoding="utf-8"?>
<Project ToolsVersion="4.0" xmlns="http://schemas.microsoft.com/developer/msbuild/2003">
  <ItemGroup>
    <Filter Include="Source Files">
      <UniqueIdentifier>{4FC737F1-C7A5-4376-A066-2A32D752A2FF}</UniqueIdentifier>
      <Extensions>cpp;c;cc;cxx;def;odl;idl;hpj;bat;asm;asmx</Extensions>
    </Filter>
    <Filter Include="Resource Files">
      <UniqueIdentifier>{67DA6AB6-F800-4c08-8B7A-83BB121AAD01}</UniqueIdentifier>
      <Extensions>rc;ico;cur;bmp;dlg;rc2;rct;bin;rgs;gif;jpg;jpeg;jpe;resx;tiff;tif;png;wav;mfcribbon-ms</Extensions>
    </Filter>
    <Filter Include="Binarization">
      <UniqueIdentifier>{edd1d034-3f54-421b-9213-4133c775fbc6}</UniqueIdentifier>
    </Filter>
    <Filter Include="Segmentation">
      <UniqueIdentifier>{8acf245d-88f0-4197-9373-d2de37d2a050}</UniqueIdentifier>
    </Filter>
    <Filter Include="Header Files">
      <UniqueIdentifier>{ab30bb71-f0bc-4a52-9128-26a7f7d7d2be}</UniqueIdentifier>
      <Extensions>h;hpp;hxx;hm;inl;inc;xsd</Extensions>
    </Filter>
    <Filter Include="Helper">
      <UniqueIdentifier>{9dcf2210-82f4-4cd3-8919-465604291c17}</UniqueIdentifier>
    </Filter>
  </ItemGroup>
  <ItemGroup>
    <ClCompile Include="Source.cpp">
      <Filter>Source Files</Filter>
    </ClCompile>
    <ClCompile Include="Binarization\Otsu.cpp">
      <Filter>Binarization</Filter>
    </ClCompile>
    <ClCompile Include="Binarization\Niblack.cpp">
      <Filter>Binarization</Filter>
    </ClCompile>
    <ClCompile Include="Binarization\Sauvola.cpp">
      <Filter>Binarization</Filter>
    </ClCompile>
    <ClCompile Include="Segmentation\RegionGrow.cpp">
      <Filter>Segmentation</Filter>
    </ClCompile>
    <ClCompile Include="Helper\PlotVector.cpp">
      <Filter>Helper</Filter>
    </ClCompile>
    <ClCompile Include="Helper\EndWithString.cpp">
      <Filter>Helper</Filter>
    </ClCompile>
    <ClCompile Include="Helper\FileList.cpp">
      <Filter>Helper</Filter>
    </ClCompile>
    <ClCompile Include="Helper\SplitString.cpp">
      <Filter>Helper</Filter>
    </ClCompile>
  </ItemGroup>
  <ItemGroup>
    <ClInclude Include="Binarization\Binarization.h">
      <Filter>Binarization</Filter>
    </ClInclude>
    <ClInclude Include="Binarization\Otsu.h">
      <Filter>Binarization</Filter>
    </ClInclude>
    <ClInclude Include="Binarization\Niblack.h">
      <Filter>Binarization</Filter>
    </ClInclude>
    <ClInclude Include="Binarization\Sauvola.h">
      <Filter>Binarization</Filter>
    </ClInclude>
    <ClInclude Include="Segmentation\RegionGrow.h">
      <Filter>Segmentation</Filter>
    </ClInclude>
    <ClInclude Include="Segmentation\Segmentation.h">
      <Filter>Segmentation</Filter>
    </ClInclude>
    <ClInclude Include="Helper\Helper.h">
      <Filter>Helper</Filter>
    </ClInclude>
    <ClInclude Include="Helper\PlotVector.h">
      <Filter>Helper</Filter>
    </ClInclude>
    <ClInclude Include="Helper\EndWithString.h">
      <Filter>Helper</Filter>
    </ClInclude>
    <ClInclude Include="Helper\FileList.h">
      <Filter>Helper</Filter>
    </ClInclude>
    <ClInclude Include="Helper\SplitString.h">
      <Filter>Helper</Filter>
    </ClInclude>
  </ItemGroup>
</Project>